# THIS IS AN AUTOGENERATED FILE. DO NOT EDIT THIS FILE DIRECTLY.
# yarn lockfile v1


"@aws-crypto/crc32@^1.0.0":
  version "1.0.0"
  resolved "https://registry.yarnpkg.com/@aws-crypto/crc32/-/crc32-1.0.0.tgz#6a0164fd92bb365860ba6afb5dfef449701eb8ca"
  integrity sha512-wr4EyCv3ZfLH3Sg7FErV6e/cLhpk9rUP/l5322y8PRgpQsItdieaLbtE4aDOR+dxl8U7BG9FIwWXH4TleTDZ9A==
  dependencies:
    tslib "^1.11.1"

"@aws-crypto/ie11-detection@^1.0.0":
  version "1.0.0"
  resolved "https://registry.yarnpkg.com/@aws-crypto/ie11-detection/-/ie11-detection-1.0.0.tgz#d3a6af29ba7f15458f79c41d1cd8cac3925e726a"
  integrity sha512-kCKVhCF1oDxFYgQrxXmIrS5oaWulkvRcPz+QBDMsUr2crbF4VGgGT6+uQhSwJFdUAQ2A//Vq+uT83eJrkzFgXA==
  dependencies:
    tslib "^1.11.1"

"@aws-crypto/sha256-browser@^1.0.0":
  version "1.1.0"
  resolved "https://registry.yarnpkg.com/@aws-crypto/sha256-browser/-/sha256-browser-1.1.0.tgz#20092cc6c08d8f04db0ed57b6f05cff150384f77"
  integrity sha512-VIpuLRDonMAHgomrsm/zKbeXTnxpr4aHDQmS4pF+NcpvBp64l675yjGA9hyUYs/QJwBjUl8WqMjh9tIRgi85Sg==
  dependencies:
    "@aws-crypto/ie11-detection" "^1.0.0"
    "@aws-crypto/sha256-js" "^1.1.0"
    "@aws-crypto/supports-web-crypto" "^1.0.0"
    "@aws-sdk/types" "^3.1.0"
    "@aws-sdk/util-locate-window" "^3.0.0"
    "@aws-sdk/util-utf8-browser" "^3.0.0"
    tslib "^1.11.1"

"@aws-crypto/sha256-js@^1.0.0", "@aws-crypto/sha256-js@^1.1.0":
  version "1.1.0"
  resolved "https://registry.yarnpkg.com/@aws-crypto/sha256-js/-/sha256-js-1.1.0.tgz#a58386ad18186e392e0f1d98d18831261d27b071"
  integrity sha512-VIhuqbPgXDVr8sZe2yhgQcDRRmzf4CI8fmC1A3bHiRfE6wlz1d8KpeemqbuoEHotz/Dch9yOxlshyQDNjNFeHA==
  dependencies:
    "@aws-sdk/types" "^3.1.0"
    "@aws-sdk/util-utf8-browser" "^3.0.0"
    tslib "^1.11.1"

"@aws-crypto/supports-web-crypto@^1.0.0":
  version "1.0.0"
  resolved "https://registry.yarnpkg.com/@aws-crypto/supports-web-crypto/-/supports-web-crypto-1.0.0.tgz#c40901bc17ac1e875e248df16a2b47ad8bfd9a93"
  integrity sha512-IHLfv+WmVH89EW4n6a5eE8/hUlz6qkWGMn/v4r5ZgzcXdTC5nolii2z3k46y01hWRiC2PPhOdeSLzMUCUMco7g==
  dependencies:
    tslib "^1.11.1"

"@aws-sdk/abort-controller@3.15.0":
  version "3.15.0"
  resolved "https://registry.yarnpkg.com/@aws-sdk/abort-controller/-/abort-controller-3.15.0.tgz#db54755821642b2a0e3046a5ff3e2f69650c938e"
  integrity sha512-nwLgt1UZavVKL7rSZl3sN/3nzz+0JtGClM8epl4kV/EMoCjFSDX4SdeK6ukNgMk4QTghHbiclG1KIAQQZy6VQw==
  dependencies:
    "@aws-sdk/types" "3.15.0"
    tslib "^2.0.0"

"@aws-sdk/chunked-blob-reader-native@3.13.1":
  version "3.13.1"
  resolved "https://registry.yarnpkg.com/@aws-sdk/chunked-blob-reader-native/-/chunked-blob-reader-native-3.13.1.tgz#df5634b7ad7750e238a5e3af29bf6bbcd2c94811"
  integrity sha512-PJYLDW5Uc78iwHVJmiGMIRIAwohaewOJGsnnwTGQBsOqTHDM0ywwO3rlObkuuLiWaFA/4w1cYdvWaMI7Iwf+qg==
  dependencies:
    "@aws-sdk/util-base64-browser" "3.13.1"
    tslib "^2.0.0"

"@aws-sdk/chunked-blob-reader@3.13.1":
  version "3.13.1"
  resolved "https://registry.yarnpkg.com/@aws-sdk/chunked-blob-reader/-/chunked-blob-reader-3.13.1.tgz#cb391e7dd460c3a424e4c96a3ff15a165bd268f0"
  integrity sha512-vZ292PZUkO7lYba5qz6xcOAwnY9YvjFJM+CEzUsyr7pTBIs/1c9LMZqEMPB9OKKNRmWbB5VwaS2eJQK0KRtr5Q==
  dependencies:
    tslib "^2.0.0"

"@aws-sdk/client-cognito-identity@3.17.0", "@aws-sdk/client-cognito-identity@^3.17.0":
  version "3.17.0"
  resolved "https://registry.yarnpkg.com/@aws-sdk/client-cognito-identity/-/client-cognito-identity-3.17.0.tgz#4e4574820b99cba762bad133b8bbfa4cfd036c39"
  integrity sha512-DGLLGwowTtuJ2YAWW7bo4zLidDQwjbxy/KtlLc99UPjFeiantFOCgevTIu86GvCTj5Kki0Ws1zktTWabmlmy2A==
  dependencies:
    "@aws-crypto/sha256-browser" "^1.0.0"
    "@aws-crypto/sha256-js" "^1.0.0"
    "@aws-sdk/client-sts" "3.17.0"
    "@aws-sdk/config-resolver" "3.16.0"
    "@aws-sdk/credential-provider-node" "3.17.0"
    "@aws-sdk/fetch-http-handler" "3.15.0"
    "@aws-sdk/hash-node" "3.15.0"
    "@aws-sdk/invalid-dependency" "3.15.0"
    "@aws-sdk/middleware-content-length" "3.15.0"
    "@aws-sdk/middleware-host-header" "3.16.0"
    "@aws-sdk/middleware-logger" "3.15.0"
    "@aws-sdk/middleware-retry" "3.16.0"
    "@aws-sdk/middleware-serde" "3.15.0"
    "@aws-sdk/middleware-signing" "3.16.0"
    "@aws-sdk/middleware-stack" "3.15.0"
    "@aws-sdk/middleware-user-agent" "3.16.0"
    "@aws-sdk/node-config-provider" "3.15.0"
    "@aws-sdk/node-http-handler" "3.15.0"
    "@aws-sdk/protocol-http" "3.15.0"
    "@aws-sdk/smithy-client" "3.15.0"
    "@aws-sdk/types" "3.15.0"
    "@aws-sdk/url-parser" "3.15.0"
    "@aws-sdk/util-base64-browser" "3.13.1"
    "@aws-sdk/util-base64-node" "3.13.1"
    "@aws-sdk/util-body-length-browser" "3.13.1"
    "@aws-sdk/util-body-length-node" "3.13.1"
    "@aws-sdk/util-user-agent-browser" "3.15.0"
    "@aws-sdk/util-user-agent-node" "3.15.0"
    "@aws-sdk/util-utf8-browser" "3.13.1"
    "@aws-sdk/util-utf8-node" "3.13.1"
    tslib "^2.0.0"

"@aws-sdk/client-s3@^3.17.0":
  version "3.17.0"
  resolved "https://registry.yarnpkg.com/@aws-sdk/client-s3/-/client-s3-3.17.0.tgz#fd3cb37fc8bd38fb16ae70d9b334fb5033da0d0b"
  integrity sha512-FQ8OmYBjEMFKNqGSVIcuIm06BvNIYSkAotI6cDN9VodaLNPfGmsMKgqJMqxPuwjhefg0ZanRr0XOvnQfoIeQyg==
  dependencies:
    "@aws-crypto/sha256-browser" "^1.0.0"
    "@aws-crypto/sha256-js" "^1.0.0"
    "@aws-sdk/client-sts" "3.17.0"
    "@aws-sdk/config-resolver" "3.16.0"
    "@aws-sdk/credential-provider-node" "3.17.0"
    "@aws-sdk/eventstream-serde-browser" "3.15.0"
    "@aws-sdk/eventstream-serde-config-resolver" "3.16.0"
    "@aws-sdk/eventstream-serde-node" "3.15.0"
    "@aws-sdk/fetch-http-handler" "3.15.0"
    "@aws-sdk/hash-blob-browser" "3.15.0"
    "@aws-sdk/hash-node" "3.15.0"
    "@aws-sdk/hash-stream-node" "3.15.0"
    "@aws-sdk/invalid-dependency" "3.15.0"
    "@aws-sdk/md5-js" "3.15.0"
    "@aws-sdk/middleware-apply-body-checksum" "3.16.0"
    "@aws-sdk/middleware-bucket-endpoint" "3.16.0"
    "@aws-sdk/middleware-content-length" "3.15.0"
    "@aws-sdk/middleware-expect-continue" "3.15.0"
    "@aws-sdk/middleware-host-header" "3.16.0"
    "@aws-sdk/middleware-location-constraint" "3.16.0"
    "@aws-sdk/middleware-logger" "3.15.0"
    "@aws-sdk/middleware-retry" "3.16.0"
    "@aws-sdk/middleware-sdk-s3" "3.15.0"
    "@aws-sdk/middleware-serde" "3.15.0"
    "@aws-sdk/middleware-signing" "3.16.0"
    "@aws-sdk/middleware-ssec" "3.16.0"
    "@aws-sdk/middleware-stack" "3.15.0"
    "@aws-sdk/middleware-user-agent" "3.16.0"
    "@aws-sdk/node-config-provider" "3.15.0"
    "@aws-sdk/node-http-handler" "3.15.0"
    "@aws-sdk/protocol-http" "3.15.0"
    "@aws-sdk/smithy-client" "3.15.0"
    "@aws-sdk/types" "3.15.0"
    "@aws-sdk/url-parser" "3.15.0"
    "@aws-sdk/util-base64-browser" "3.13.1"
    "@aws-sdk/util-base64-node" "3.13.1"
    "@aws-sdk/util-body-length-browser" "3.13.1"
    "@aws-sdk/util-body-length-node" "3.13.1"
    "@aws-sdk/util-user-agent-browser" "3.15.0"
    "@aws-sdk/util-user-agent-node" "3.15.0"
    "@aws-sdk/util-utf8-browser" "3.13.1"
    "@aws-sdk/util-utf8-node" "3.13.1"
    "@aws-sdk/util-waiter" "3.15.0"
    "@aws-sdk/xml-builder" "3.14.0"
    entities "2.2.0"
    fast-xml-parser "3.19.0"
    tslib "^2.0.0"

"@aws-sdk/client-sso@3.17.0":
  version "3.17.0"
  resolved "https://registry.yarnpkg.com/@aws-sdk/client-sso/-/client-sso-3.17.0.tgz#be922a33ca8be155d69c67584449c864de34bd4b"
  integrity sha512-STlRDK6ZpJKh9sXIm6FO/JXm5K3IFoZfICCHaZHxPdf9CsuvemZQzV6Tf+OlO6yk6VG+mw22hnRIf0RyuRr7KA==
  dependencies:
    "@aws-crypto/sha256-browser" "^1.0.0"
    "@aws-crypto/sha256-js" "^1.0.0"
    "@aws-sdk/config-resolver" "3.16.0"
    "@aws-sdk/fetch-http-handler" "3.15.0"
    "@aws-sdk/hash-node" "3.15.0"
    "@aws-sdk/invalid-dependency" "3.15.0"
    "@aws-sdk/middleware-content-length" "3.15.0"
    "@aws-sdk/middleware-host-header" "3.16.0"
    "@aws-sdk/middleware-logger" "3.15.0"
    "@aws-sdk/middleware-retry" "3.16.0"
    "@aws-sdk/middleware-serde" "3.15.0"
    "@aws-sdk/middleware-stack" "3.15.0"
    "@aws-sdk/middleware-user-agent" "3.16.0"
    "@aws-sdk/node-config-provider" "3.15.0"
    "@aws-sdk/node-http-handler" "3.15.0"
    "@aws-sdk/protocol-http" "3.15.0"
    "@aws-sdk/smithy-client" "3.15.0"
    "@aws-sdk/types" "3.15.0"
    "@aws-sdk/url-parser" "3.15.0"
    "@aws-sdk/util-base64-browser" "3.13.1"
    "@aws-sdk/util-base64-node" "3.13.1"
    "@aws-sdk/util-body-length-browser" "3.13.1"
    "@aws-sdk/util-body-length-node" "3.13.1"
    "@aws-sdk/util-user-agent-browser" "3.15.0"
    "@aws-sdk/util-user-agent-node" "3.15.0"
    "@aws-sdk/util-utf8-browser" "3.13.1"
    "@aws-sdk/util-utf8-node" "3.13.1"
    tslib "^2.0.0"

"@aws-sdk/client-sts@3.17.0":
  version "3.17.0"
  resolved "https://registry.yarnpkg.com/@aws-sdk/client-sts/-/client-sts-3.17.0.tgz#ee87a39638713a07dd291274cb6bfeae04b300e3"
  integrity sha512-y1NEm+xEIr7ieDWusU/w27IuHE7jDDolQwSxYv48A1GBEzYUBoVqhP6XpiA0r0sBYkMMk+rwCHyCRWtaa7o6ow==
  dependencies:
    "@aws-crypto/sha256-browser" "^1.0.0"
    "@aws-crypto/sha256-js" "^1.0.0"
    "@aws-sdk/config-resolver" "3.16.0"
    "@aws-sdk/credential-provider-node" "3.17.0"
    "@aws-sdk/fetch-http-handler" "3.15.0"
    "@aws-sdk/hash-node" "3.15.0"
    "@aws-sdk/invalid-dependency" "3.15.0"
    "@aws-sdk/middleware-content-length" "3.15.0"
    "@aws-sdk/middleware-host-header" "3.16.0"
    "@aws-sdk/middleware-logger" "3.15.0"
    "@aws-sdk/middleware-retry" "3.16.0"
    "@aws-sdk/middleware-sdk-sts" "3.16.0"
    "@aws-sdk/middleware-serde" "3.15.0"
    "@aws-sdk/middleware-signing" "3.16.0"
    "@aws-sdk/middleware-stack" "3.15.0"
    "@aws-sdk/middleware-user-agent" "3.16.0"
    "@aws-sdk/node-config-provider" "3.15.0"
    "@aws-sdk/node-http-handler" "3.15.0"
    "@aws-sdk/protocol-http" "3.15.0"
    "@aws-sdk/smithy-client" "3.15.0"
    "@aws-sdk/types" "3.15.0"
    "@aws-sdk/url-parser" "3.15.0"
    "@aws-sdk/util-base64-browser" "3.13.1"
    "@aws-sdk/util-base64-node" "3.13.1"
    "@aws-sdk/util-body-length-browser" "3.13.1"
    "@aws-sdk/util-body-length-node" "3.13.1"
    "@aws-sdk/util-user-agent-browser" "3.15.0"
    "@aws-sdk/util-user-agent-node" "3.15.0"
    "@aws-sdk/util-utf8-browser" "3.13.1"
    "@aws-sdk/util-utf8-node" "3.13.1"
    entities "2.2.0"
    fast-xml-parser "3.19.0"
    tslib "^2.0.0"

"@aws-sdk/config-resolver@3.16.0":
  version "3.16.0"
  resolved "https://registry.yarnpkg.com/@aws-sdk/config-resolver/-/config-resolver-3.16.0.tgz#a3e478b461d19c1a7d3522652d122d7bab9c4e97"
  integrity sha512-63Vc9AxgXTUEPgiIF/BPsk/ZU+bImMxc/4X7SRSgiOM6azAuEWFD/G6vJFKT7dVN3EElx0frgQ8jHkjzutYXvQ==
  dependencies:
    "@aws-sdk/signature-v4" "3.15.0"
    "@aws-sdk/types" "3.15.0"
    tslib "^2.0.0"

"@aws-sdk/credential-provider-cognito-identity@^3.17.0":
  version "3.17.0"
  resolved "https://registry.yarnpkg.com/@aws-sdk/credential-provider-cognito-identity/-/credential-provider-cognito-identity-3.17.0.tgz#4bdc52e888509e5a96af8bbae5645357f0a7075b"
  integrity sha512-2MibOFUaPmga2OwHV+PY7PiZyJH9w9zorBXpjvmIaqwWSbeuMvxTlrMVvRTmmpRYdXihjZDJ/1Ldz9cZyYA3MQ==
  dependencies:
    "@aws-sdk/client-cognito-identity" "3.17.0"
    "@aws-sdk/property-provider" "3.15.0"
    "@aws-sdk/types" "3.15.0"
    tslib "^2.0.0"

"@aws-sdk/credential-provider-env@3.15.0":
  version "3.15.0"
  resolved "https://registry.yarnpkg.com/@aws-sdk/credential-provider-env/-/credential-provider-env-3.15.0.tgz#17147b60fb533c53c5aedcf9170aba4cbc042784"
  integrity sha512-MUn00HzT53KNbMheYw8r2I0PMV/yb5+yfUSf1fCKcErUROndIKIwZg7z0ru7zVrndKRRPEhXxCZ69wjWUJGwhQ==
  dependencies:
    "@aws-sdk/property-provider" "3.15.0"
    "@aws-sdk/types" "3.15.0"
    tslib "^2.0.0"

"@aws-sdk/credential-provider-imds@3.15.0":
  version "3.15.0"
  resolved "https://registry.yarnpkg.com/@aws-sdk/credential-provider-imds/-/credential-provider-imds-3.15.0.tgz#c9c0368335af4e9fcd4ef42b08c9d2f74c714555"
  integrity sha512-kg1XEQ4TxaeOB7aOb8h4VcBtKZNBMe7d7whUDEvZgdQiFFOtrjUHrLDdaC9zQ/twxPJvkyMrXMc7iIXWVArZDA==
  dependencies:
    "@aws-sdk/property-provider" "3.15.0"
    "@aws-sdk/types" "3.15.0"
    tslib "^2.0.0"

"@aws-sdk/credential-provider-ini@3.15.0":
  version "3.15.0"
  resolved "https://registry.yarnpkg.com/@aws-sdk/credential-provider-ini/-/credential-provider-ini-3.15.0.tgz#2cddefb0d07631eb389a0ec2c6894c5a2b0b73bc"
  integrity sha512-eUWGytO6CVsyqSk71eWUYkcjdRubd4IyRxGCaBDlBYiw/j9E2ENhI7fNLzEzdvMSNJG/jsyn8N/+13KjadAe1Q==
  dependencies:
    "@aws-sdk/credential-provider-env" "3.15.0"
    "@aws-sdk/credential-provider-imds" "3.15.0"
    "@aws-sdk/credential-provider-web-identity" "3.15.0"
    "@aws-sdk/property-provider" "3.15.0"
    "@aws-sdk/shared-ini-file-loader" "3.13.1"
    "@aws-sdk/types" "3.15.0"
    tslib "^2.0.0"

"@aws-sdk/credential-provider-node@3.17.0":
  version "3.17.0"
  resolved "https://registry.yarnpkg.com/@aws-sdk/credential-provider-node/-/credential-provider-node-3.17.0.tgz#96e1b953ec6f4658e4e88bed2cdd6bbf05c5884c"
  integrity sha512-N8emwOfDvLbhhHC0vwbg0Cxk+s7Nac9jLYVklcoKsDMDqpiGgZ1ktkYkM2Asd+nTNJR+SbEKx0K/zvaDxKKnew==
  dependencies:
    "@aws-sdk/credential-provider-env" "3.15.0"
    "@aws-sdk/credential-provider-imds" "3.15.0"
    "@aws-sdk/credential-provider-ini" "3.15.0"
    "@aws-sdk/credential-provider-process" "3.15.0"
    "@aws-sdk/credential-provider-sso" "3.17.0"
    "@aws-sdk/credential-provider-web-identity" "3.15.0"
    "@aws-sdk/property-provider" "3.15.0"
    "@aws-sdk/shared-ini-file-loader" "3.13.1"
    "@aws-sdk/types" "3.15.0"
    tslib "^2.0.0"

"@aws-sdk/credential-provider-process@3.15.0":
  version "3.15.0"
  resolved "https://registry.yarnpkg.com/@aws-sdk/credential-provider-process/-/credential-provider-process-3.15.0.tgz#2881d9b6e829efbd0861bd44041b930c7ef9c43b"
  integrity sha512-BG9Rh9sxRYSPtSB/GHDMa6PZXNT3NHXk4ClShHZG/AFVHBU00n0NhZhdzWPDmY9dTaK3+bllCOYRhgkwyDPckQ==
  dependencies:
    "@aws-sdk/credential-provider-ini" "3.15.0"
    "@aws-sdk/property-provider" "3.15.0"
    "@aws-sdk/shared-ini-file-loader" "3.13.1"
    "@aws-sdk/types" "3.15.0"
    tslib "^2.0.0"

"@aws-sdk/credential-provider-sso@3.17.0":
  version "3.17.0"
  resolved "https://registry.yarnpkg.com/@aws-sdk/credential-provider-sso/-/credential-provider-sso-3.17.0.tgz#7ce4839bd04e17187eb316b6009967fe76bc0d66"
  integrity sha512-lv9dbsgFfQeSYUMfX+4Ew2cNSAGJ1L2qgTZEK8o541RN852Y2BlQcW17nvG3rvR5UQxpsNfT2KoivFuS9fOoKA==
  dependencies:
    "@aws-sdk/client-sso" "3.17.0"
    "@aws-sdk/credential-provider-ini" "3.15.0"
    "@aws-sdk/property-provider" "3.15.0"
    "@aws-sdk/shared-ini-file-loader" "3.13.1"
    "@aws-sdk/types" "3.15.0"
    tslib "^2.0.0"

"@aws-sdk/credential-provider-web-identity@3.15.0":
  version "3.15.0"
  resolved "https://registry.yarnpkg.com/@aws-sdk/credential-provider-web-identity/-/credential-provider-web-identity-3.15.0.tgz#1de389a573bb69b3ec78c25706356417063eed4f"
  integrity sha512-dKhmIlVJkqZrRClZDpUq49twGq4xMSM3tTkWUz2DZaVp23vSb6c0WTLciEdQIE+D/V+OXp/in4scSeQcQFhKcA==
  dependencies:
    "@aws-sdk/property-provider" "3.15.0"
    "@aws-sdk/types" "3.15.0"
    tslib "^2.0.0"

"@aws-sdk/eventstream-marshaller@3.15.0":
  version "3.15.0"
  resolved "https://registry.yarnpkg.com/@aws-sdk/eventstream-marshaller/-/eventstream-marshaller-3.15.0.tgz#5fb38208af5f55faa1754a0c0985d75cdfd89fd5"
  integrity sha512-pbhOLJVQgDCnQ1Pw83H+hiF2CqHVQiiuw1eSmp2548Iu7ptF2CG62MQql3zsaSTdIgEMXe9uLGlRvCSPy+cnuA==
  dependencies:
    "@aws-crypto/crc32" "^1.0.0"
    "@aws-sdk/types" "3.15.0"
    "@aws-sdk/util-hex-encoding" "3.13.1"
    tslib "^2.0.0"

"@aws-sdk/eventstream-serde-browser@3.15.0":
  version "3.15.0"
  resolved "https://registry.yarnpkg.com/@aws-sdk/eventstream-serde-browser/-/eventstream-serde-browser-3.15.0.tgz#b2f9ec065062093edcd658c7173067ff1ea580c2"
  integrity sha512-UQE4rcZ1wCU1ciyBBOhtU3GZFpwuPIP5+i+dNgGQUENN+c+2BAu9Rk+8UL5G5XTOEjguySITCpuIpkziuvA2Ww==
  dependencies:
    "@aws-sdk/eventstream-marshaller" "3.15.0"
    "@aws-sdk/eventstream-serde-universal" "3.15.0"
    "@aws-sdk/types" "3.15.0"
    tslib "^2.0.0"

"@aws-sdk/eventstream-serde-config-resolver@3.16.0":
  version "3.16.0"
  resolved "https://registry.yarnpkg.com/@aws-sdk/eventstream-serde-config-resolver/-/eventstream-serde-config-resolver-3.16.0.tgz#e9b1e069765babd325564dfe54fa757b51fe6d4e"
  integrity sha512-CGWoSDQjBVvjT/6yrE5EqamMMd1WgOsKgJg4K4nCVOSWvZJ/heHkyCTdHLAa1FEINB5m9oyXFiNd62xeLXrTYw==
  dependencies:
    "@aws-sdk/types" "3.15.0"
    tslib "^2.0.0"

"@aws-sdk/eventstream-serde-node@3.15.0":
  version "3.15.0"
  resolved "https://registry.yarnpkg.com/@aws-sdk/eventstream-serde-node/-/eventstream-serde-node-3.15.0.tgz#83fb1fc7b35d29b34c9d55062332e65b3cde3967"
  integrity sha512-FRHLT8JkREydU5/EGRu4kvBkZHB/cSxl9BpmIeUTfC+IPPQ5oIWDCvakX03JWQeFz8frp1vUOqcC8Nzs/Dka0g==
  dependencies:
    "@aws-sdk/eventstream-marshaller" "3.15.0"
    "@aws-sdk/eventstream-serde-universal" "3.15.0"
    "@aws-sdk/types" "3.15.0"
    tslib "^2.0.0"

"@aws-sdk/eventstream-serde-universal@3.15.0":
  version "3.15.0"
  resolved "https://registry.yarnpkg.com/@aws-sdk/eventstream-serde-universal/-/eventstream-serde-universal-3.15.0.tgz#7180e8b7a923ab4f96646a16e173e6de9b5d79c2"
  integrity sha512-YmHRKFHsJlfjRk/kK7orWfgdS+2Uomj+tK9YXBtsmDZLiLtrmVKF9DBC2HlKGkoJhE2exQ/HN/k2KH/SO4fwWQ==
  dependencies:
    "@aws-sdk/eventstream-marshaller" "3.15.0"
    "@aws-sdk/types" "3.15.0"
    tslib "^2.0.0"

"@aws-sdk/fetch-http-handler@3.15.0":
  version "3.15.0"
  resolved "https://registry.yarnpkg.com/@aws-sdk/fetch-http-handler/-/fetch-http-handler-3.15.0.tgz#ddf4d03c0fbe6495f52648f12c3d99f344d39b56"
  integrity sha512-wF1w0yQm72pZhVD9faoeX4N059+qj/UL/Un3IzAUPP3LaZxs8MYgCCyXRrKTbFP5tM3OMVbiiKZ0UhcF0mHXMg==
  dependencies:
    "@aws-sdk/protocol-http" "3.15.0"
    "@aws-sdk/querystring-builder" "3.15.0"
    "@aws-sdk/types" "3.15.0"
    "@aws-sdk/util-base64-browser" "3.13.1"
    tslib "^2.0.0"

"@aws-sdk/hash-blob-browser@3.15.0":
  version "3.15.0"
  resolved "https://registry.yarnpkg.com/@aws-sdk/hash-blob-browser/-/hash-blob-browser-3.15.0.tgz#a57c0ab381c57f1a9642918703f6089d8e64c467"
  integrity sha512-0xidgBP2zWCb68f1i+xIz4zEDl3ilTY+en4bDEhqMy9LBBnz71IO8ivGTAoU0s66UAG9AgKe5YX2bOv/a/fm1w==
  dependencies:
    "@aws-sdk/chunked-blob-reader" "3.13.1"
    "@aws-sdk/chunked-blob-reader-native" "3.13.1"
    "@aws-sdk/types" "3.15.0"
    tslib "^2.0.0"

"@aws-sdk/hash-node@3.15.0":
  version "3.15.0"
  resolved "https://registry.yarnpkg.com/@aws-sdk/hash-node/-/hash-node-3.15.0.tgz#78100ea948a8741972b92585eb05015025b1d00e"
  integrity sha512-0RKsH6bAhbkJ2CiXPEiUy4bzI5LPXVy1bQXJj1ajs+E4CzeBhRhiVSpgT8QiRmDlZoA1AcacaSnqGKPpt/840A==
  dependencies:
    "@aws-sdk/types" "3.15.0"
    "@aws-sdk/util-buffer-from" "3.13.1"
    tslib "^2.0.0"

"@aws-sdk/hash-stream-node@3.15.0":
  version "3.15.0"
  resolved "https://registry.yarnpkg.com/@aws-sdk/hash-stream-node/-/hash-stream-node-3.15.0.tgz#c0f15a74c700e1f17a08aa9b134387b64ef4c2b4"
  integrity sha512-o8Jq2C84x7XLYYC2p3UTUZWHF/2Csv1qr3zaiPZjKoFaYfsMbCMjFkLA/QGYBGB9GNldYcGvAewhVbmIsbZ4NQ==
  dependencies:
    "@aws-sdk/types" "3.15.0"
    tslib "^2.0.0"

"@aws-sdk/invalid-dependency@3.15.0":
  version "3.15.0"
  resolved "https://registry.yarnpkg.com/@aws-sdk/invalid-dependency/-/invalid-dependency-3.15.0.tgz#f8bf87ba49df4081c533a78bf1fd0fad50209406"
  integrity sha512-zx1q/dm4Ye7KEluCqKDsnmdyM3okrXPr6TOEjKxBzn4bM+owtfUs6x8UQdospqE48tjY12PNC6XMya2VlE4dEQ==
  dependencies:
    "@aws-sdk/types" "3.15.0"
    tslib "^2.0.0"

"@aws-sdk/is-array-buffer@3.13.1":
  version "3.13.1"
  resolved "https://registry.yarnpkg.com/@aws-sdk/is-array-buffer/-/is-array-buffer-3.13.1.tgz#bde5c5435b3fbd1e8ad26ef6bb3eabcd11799a9e"
  integrity sha512-W1pzDpk5iAaJAZnCHHBwFSU7HW6IbQn71DKe3nnbmTbY56QdKdSZ23r+6uWxtz1xetbEd5JdzWs+AD+Ji1pC7Q==
  dependencies:
    tslib "^2.0.0"

"@aws-sdk/md5-js@3.15.0":
  version "3.15.0"
  resolved "https://registry.yarnpkg.com/@aws-sdk/md5-js/-/md5-js-3.15.0.tgz#2cb92f43f0c89f98347450a1a6a860266f67d9f4"
  integrity sha512-J2XP6+g2DyVxpFYz4sL83a0skhEl1QXM0yu4zZHBzNABoFzrisiGeOCbHEMjzonkIeSsaZaNTZDSbHlMNbsqsQ==
  dependencies:
    "@aws-sdk/types" "3.15.0"
    "@aws-sdk/util-utf8-browser" "3.13.1"
    tslib "^2.0.0"

"@aws-sdk/middleware-apply-body-checksum@3.16.0":
  version "3.16.0"
  resolved "https://registry.yarnpkg.com/@aws-sdk/middleware-apply-body-checksum/-/middleware-apply-body-checksum-3.16.0.tgz#440e0865ebd0d8d5693611757a24e0ac4d507081"
  integrity sha512-s7pDsbQrxJ21283vg+Lo4lvIdEqlmpD6zE2MM5rzbOcYKMkK0sX5sYucCWlQfF+ZjHThdR2mswF5oBApLasUwQ==
  dependencies:
    "@aws-sdk/is-array-buffer" "3.13.1"
    "@aws-sdk/protocol-http" "3.15.0"
    "@aws-sdk/types" "3.15.0"
    tslib "^2.0.0"

"@aws-sdk/middleware-bucket-endpoint@3.16.0":
  version "3.16.0"
  resolved "https://registry.yarnpkg.com/@aws-sdk/middleware-bucket-endpoint/-/middleware-bucket-endpoint-3.16.0.tgz#7be254aa62d30388dcbdcd2751b2404dd84480d5"
  integrity sha512-0GpUCSNL+sIE03N+UQDlHGjAb0NzHqzRhibrK2s3TWeXquMbFd4Ar+Z7HewhHpntkj5IXuW11U0ESv+Ee0dLWw==
  dependencies:
    "@aws-sdk/protocol-http" "3.15.0"
    "@aws-sdk/types" "3.15.0"
    "@aws-sdk/util-arn-parser" "3.13.1"
    tslib "^2.0.0"

"@aws-sdk/middleware-content-length@3.15.0":
  version "3.15.0"
  resolved "https://registry.yarnpkg.com/@aws-sdk/middleware-content-length/-/middleware-content-length-3.15.0.tgz#2571540cd0da4588cbd664e98abd50f0cfa9a3ce"
  integrity sha512-SsHBmwOSyQMNMSaqidbxL+0jV+lSGdQkWtZDGEPWzk8MENKBo6TBeNZ86elKqUNzRwPmPRDWhhttXStN/v3KSg==
  dependencies:
    "@aws-sdk/protocol-http" "3.15.0"
    "@aws-sdk/types" "3.15.0"
    tslib "^2.0.0"

"@aws-sdk/middleware-expect-continue@3.15.0":
  version "3.15.0"
  resolved "https://registry.yarnpkg.com/@aws-sdk/middleware-expect-continue/-/middleware-expect-continue-3.15.0.tgz#b8f848e0568a62b366de9380b710b38bb1c5c0ce"
  integrity sha512-TpxBi8KgyZxA72Nvm5mMVBjRMkY98aMOla6WMASjJxjb3lFGVn+kNBgaI56XHwkyxkHt2Crt/VYnJeyZx+tkcQ==
  dependencies:
    "@aws-sdk/middleware-header-default" "3.15.0"
    "@aws-sdk/protocol-http" "3.15.0"
    "@aws-sdk/types" "3.15.0"
    tslib "^2.0.0"

"@aws-sdk/middleware-header-default@3.15.0":
  version "3.15.0"
  resolved "https://registry.yarnpkg.com/@aws-sdk/middleware-header-default/-/middleware-header-default-3.15.0.tgz#c021dbab366fe92fe959fa014eb22b60763a365c"
  integrity sha512-1rMhkQPvbAHuUK2iirJThaBOY+99MYaSaQ7gOg6Usng45BrUIMfYmBBaXtNYy2FBcmQjCASvi8k8sQpXxNeWKQ==
  dependencies:
    "@aws-sdk/protocol-http" "3.15.0"
    "@aws-sdk/types" "3.15.0"
    tslib "^2.0.0"

"@aws-sdk/middleware-host-header@3.16.0":
  version "3.16.0"
  resolved "https://registry.yarnpkg.com/@aws-sdk/middleware-host-header/-/middleware-host-header-3.16.0.tgz#3d83d7135937b2bb8523cba3bb02a7e427fdb9cd"
  integrity sha512-qM1kmq7ocv6W+kD8x49DQ1CoP5ZXrMrvIzG39s6KEq9+y14mkfHJfDATT/154oyOc3WfUNwHE1X29oYGNRtE0Q==
  dependencies:
    "@aws-sdk/protocol-http" "3.15.0"
    "@aws-sdk/types" "3.15.0"
    tslib "^2.0.0"

"@aws-sdk/middleware-location-constraint@3.16.0":
  version "3.16.0"
  resolved "https://registry.yarnpkg.com/@aws-sdk/middleware-location-constraint/-/middleware-location-constraint-3.16.0.tgz#a00daff9a2faa74ec2c01480e7271a546915eb77"
  integrity sha512-nB6WmBdIvkg7N4/DhucJbbJv4v+ZjAesrQrssSxifAdxaospjng9zmNexY64uxjIS8CrrQPgt6b13PjcqSNZpQ==
  dependencies:
    "@aws-sdk/types" "3.15.0"
    tslib "^2.0.0"

"@aws-sdk/middleware-logger@3.15.0":
  version "3.15.0"
  resolved "https://registry.yarnpkg.com/@aws-sdk/middleware-logger/-/middleware-logger-3.15.0.tgz#f392a30a91504929bf1d7c1f0272ba1456293c86"
  integrity sha512-HHGQ12H9mm3CgxEh5HrjsNrFiGcvgmR7yE2H4soe0Wq6lAnRc1HSBzlsbTqRaEZpSKA6YNK5jXaV/Q4ED2AexQ==
  dependencies:
    "@aws-sdk/types" "3.15.0"
    tslib "^2.0.0"

"@aws-sdk/middleware-retry@3.16.0":
  version "3.16.0"
  resolved "https://registry.yarnpkg.com/@aws-sdk/middleware-retry/-/middleware-retry-3.16.0.tgz#4531fc0b5f9e30f42a4307768da8ad32fd46a892"
  integrity sha512-cSRpS9zg+Pw1+g3l50yTRxq5X1NNTD9MCtzfBWieSXN3nYt3XdGs1vDbv5aPb/juh2q++7HmY6msvK7Tb6DPdA==
  dependencies:
    "@aws-sdk/protocol-http" "3.15.0"
    "@aws-sdk/service-error-classification" "3.15.0"
    "@aws-sdk/types" "3.15.0"
    tslib "^2.0.0"
    uuid "^8.3.2"

"@aws-sdk/middleware-sdk-s3@3.15.0":
  version "3.15.0"
  resolved "https://registry.yarnpkg.com/@aws-sdk/middleware-sdk-s3/-/middleware-sdk-s3-3.15.0.tgz#96a4199ebb87b1c84f82502e2e7c7170ca9da737"
  integrity sha512-kmy43OnICjjZYj5tZ6AqRZQuFH3GZbS+tyUA4hCxtbQrlHrq9qyFoDJSqFdPmM3VG7MKpxu0oDAiz/+iN062Pw==
  dependencies:
    "@aws-sdk/protocol-http" "3.15.0"
    "@aws-sdk/types" "3.15.0"
    "@aws-sdk/util-arn-parser" "3.13.1"
    tslib "^2.0.0"

"@aws-sdk/middleware-sdk-sts@3.16.0":
  version "3.16.0"
  resolved "https://registry.yarnpkg.com/@aws-sdk/middleware-sdk-sts/-/middleware-sdk-sts-3.16.0.tgz#e916a9940a788104dfc76152e3f4c351cf3422c9"
  integrity sha512-7Xai+DJGKlLskeeCpzkQ6OvzCcoy0eaexUlvX3nprHvgxmVfnPomj3+LtpxKvxncgm16yIF72ISMEw7WataH/w==
  dependencies:
    "@aws-sdk/middleware-signing" "3.16.0"
    "@aws-sdk/property-provider" "3.15.0"
    "@aws-sdk/protocol-http" "3.15.0"
    "@aws-sdk/signature-v4" "3.15.0"
    "@aws-sdk/types" "3.15.0"
    tslib "^2.0.0"

"@aws-sdk/middleware-serde@3.15.0":
  version "3.15.0"
  resolved "https://registry.yarnpkg.com/@aws-sdk/middleware-serde/-/middleware-serde-3.15.0.tgz#d92d4217973d1261c51ebd7f81a8598207aa1495"
  integrity sha512-GeM+FHZe8LeKfdfUEx/KEM2HTMU3P0GlL9ntH2WB6wXCPeSrwR3Nf39UcjTUf3p7HKNXQG4xkN2ftJMfearIMw==
  dependencies:
    "@aws-sdk/types" "3.15.0"
    tslib "^2.0.0"

"@aws-sdk/middleware-signing@3.16.0":
  version "3.16.0"
  resolved "https://registry.yarnpkg.com/@aws-sdk/middleware-signing/-/middleware-signing-3.16.0.tgz#c14c04f418732e8f896b0183694d4fccfa8504d3"
  integrity sha512-1bQ64WUH2x0qqf34Hu82sa90XpgVs4LSIKLJ+KcC8KRRHuo2WGqS680CT7LNJ8cz7s6uA6mlUYHFf+dBZboTBw==
  dependencies:
    "@aws-sdk/property-provider" "3.15.0"
    "@aws-sdk/protocol-http" "3.15.0"
    "@aws-sdk/signature-v4" "3.15.0"
    "@aws-sdk/types" "3.15.0"
    tslib "^2.0.0"

"@aws-sdk/middleware-ssec@3.16.0":
  version "3.16.0"
  resolved "https://registry.yarnpkg.com/@aws-sdk/middleware-ssec/-/middleware-ssec-3.16.0.tgz#c553c8893c3e9859eeca8733e8a00248ec8f0630"
  integrity sha512-TVyuzokBxzQG0ALMEz4c57BWzXgZSQHv5MbTzdkBsWZd8ZAVf30bnahFBI/iP2PVfPkPQE3iDzHZ89naOXRfUA==
  dependencies:
    "@aws-sdk/types" "3.15.0"
    tslib "^2.0.0"

"@aws-sdk/middleware-stack@3.15.0":
  version "3.15.0"
  resolved "https://registry.yarnpkg.com/@aws-sdk/middleware-stack/-/middleware-stack-3.15.0.tgz#fb20b0dc10dde1f325fd3a57170cf18970d196e8"
  integrity sha512-UjTI3K2TcfK3CpLKc7lp4/Bh0UzKR86vb7smLwFGt/3r/VvLxrN7XyU69+BFOk9vOGFro0H2LbGT7355aTQlfw==
  dependencies:
    tslib "^2.0.0"

"@aws-sdk/middleware-user-agent@3.16.0":
  version "3.16.0"
  resolved "https://registry.yarnpkg.com/@aws-sdk/middleware-user-agent/-/middleware-user-agent-3.16.0.tgz#886718fbabaf1b7313723af4e48a82862c87425c"
  integrity sha512-DlRirDWhQlShZuj7Jup2kMr7SasegkkWuUkNB4ukIzaO5iXKBuAYAYwbVd9rxajO0iATJS3QmLsiaxSmIyIh2A==
  dependencies:
    "@aws-sdk/protocol-http" "3.15.0"
    "@aws-sdk/types" "3.15.0"
    tslib "^2.0.0"

"@aws-sdk/node-config-provider@3.15.0":
  version "3.15.0"
  resolved "https://registry.yarnpkg.com/@aws-sdk/node-config-provider/-/node-config-provider-3.15.0.tgz#b6f327ed6a51a4d997ff2b1d78d32e2e473c842e"
  integrity sha512-rGF8rI1ApDNoj6zIMhBch9+gd3MGthrydW32ADVClzuslwSgg4Ao2zAD8ufebqaiK6Rl7My3AhYb56KKZaz7kw==
  dependencies:
    "@aws-sdk/property-provider" "3.15.0"
    "@aws-sdk/shared-ini-file-loader" "3.13.1"
    "@aws-sdk/types" "3.15.0"
    tslib "^2.0.0"

"@aws-sdk/node-http-handler@3.15.0":
  version "3.15.0"
  resolved "https://registry.yarnpkg.com/@aws-sdk/node-http-handler/-/node-http-handler-3.15.0.tgz#5c570fe40f2578c6d68d7965ab40515a97b1e2f7"
  integrity sha512-Ryfnm0uvEMyB/PA1YM+wkYJK3Vy0Flg3m3QtbOXIrjSFtiXqF61yKWhBgsx8GuI2dGpKaPZXZFuRSSq+GLeGBQ==
  dependencies:
    "@aws-sdk/abort-controller" "3.15.0"
    "@aws-sdk/protocol-http" "3.15.0"
    "@aws-sdk/querystring-builder" "3.15.0"
    "@aws-sdk/types" "3.15.0"
    tslib "^2.0.0"

"@aws-sdk/property-provider@3.15.0":
  version "3.15.0"
  resolved "https://registry.yarnpkg.com/@aws-sdk/property-provider/-/property-provider-3.15.0.tgz#0e83822038a077c616e98bce64bfd838eb524c42"
  integrity sha512-cF/TmA06l2bElLZDXJpefnfPekIdUbtebHgthXkCwrwKnMsylnORHzvOTwlh6cjHDnGlfQMbgL608H0FEwMQKQ==
  dependencies:
    "@aws-sdk/types" "3.15.0"
    tslib "^2.0.0"

"@aws-sdk/protocol-http@3.15.0":
  version "3.15.0"
  resolved "https://registry.yarnpkg.com/@aws-sdk/protocol-http/-/protocol-http-3.15.0.tgz#29137f1599bd354e1dfc3396397a441ae2abd08d"
  integrity sha512-GPhjBXRKpttQEvEDzCgzchBGysQIoLjpIHDtKLowWfIHZ6DldP2nQWBQcWg3OZFvPK54aOEg1PX1TtTgMoUUmQ==
  dependencies:
    "@aws-sdk/types" "3.15.0"
    tslib "^2.0.0"

"@aws-sdk/querystring-builder@3.15.0":
  version "3.15.0"
  resolved "https://registry.yarnpkg.com/@aws-sdk/querystring-builder/-/querystring-builder-3.15.0.tgz#2d4e60beede3cc26e8684b3a55d342f0690bd909"
  integrity sha512-MQcSAgVO0lqpFZCXg+4I4Gz0IGIWS542+ISnQLofpYC7Og1npfeB5Qia1aqQNUQbDl9GZzMX0unzv0agvAnynQ==
  dependencies:
    "@aws-sdk/types" "3.15.0"
    "@aws-sdk/util-uri-escape" "3.13.1"
    tslib "^2.0.0"

"@aws-sdk/querystring-parser@3.15.0":
  version "3.15.0"
  resolved "https://registry.yarnpkg.com/@aws-sdk/querystring-parser/-/querystring-parser-3.15.0.tgz#f1a070a0cd061a59c6ed5ab057be37a3e0e53894"
  integrity sha512-AD8SLUolZ6sjhWp1lTPDA0UGbcEbz0eXwzMqWEunTeSnqMgrN86PWzYzevmm5Ego0HMPWf8QVK7mYuDJLa2row==
  dependencies:
    "@aws-sdk/types" "3.15.0"
    tslib "^2.0.0"

"@aws-sdk/s3-request-presigner@^3.17.0":
  version "3.17.0"
  resolved "https://registry.yarnpkg.com/@aws-sdk/s3-request-presigner/-/s3-request-presigner-3.17.0.tgz#18f0c48aa8d38ee73d32a08a3300c04bb36f58a1"
  integrity sha512-PhCsdgoxqVoVLYZxEEPc8Tk1yo0EqixgNAeCc9BFeoidqc1Kv2mgZAVe+P/zj2SW/0qfOzacCqX5OSxAk3yEBg==
  dependencies:
    "@aws-sdk/protocol-http" "3.15.0"
    "@aws-sdk/signature-v4" "3.15.0"
    "@aws-sdk/smithy-client" "3.15.0"
    "@aws-sdk/types" "3.15.0"
    "@aws-sdk/util-create-request" "3.15.0"
    "@aws-sdk/util-format-url" "3.15.0"
    tslib "^2.0.0"

"@aws-sdk/service-error-classification@3.15.0":
  version "3.15.0"
  resolved "https://registry.yarnpkg.com/@aws-sdk/service-error-classification/-/service-error-classification-3.15.0.tgz#878ee30f0424dfb5311a7a6fe5dcd04cb8b01dc7"
  integrity sha512-ay7l8AgtGM3NvvUhsW8cKmTcDX460fGZZLUXUEbdtO274RzHLU3jKSLj0jg74b2212ZFRIMwh2OQHiy8brLu8Q==

"@aws-sdk/shared-ini-file-loader@3.13.1":
  version "3.13.1"
  resolved "https://registry.yarnpkg.com/@aws-sdk/shared-ini-file-loader/-/shared-ini-file-loader-3.13.1.tgz#36a45b7a468607b69b893227550c4246114aa52a"
  integrity sha512-zB+niFj0iIZu2aXmKv2Xhk404Lw6gawTZPjzR4vLuTmn563yhSUSw5hJN+v/O/bR1b3JV4NPubyIQT6CKx1YUA==
  dependencies:
    tslib "^2.0.0"

"@aws-sdk/signature-v4@3.15.0":
  version "3.15.0"
  resolved "https://registry.yarnpkg.com/@aws-sdk/signature-v4/-/signature-v4-3.15.0.tgz#9d6bfde7324d0d9bf41e1d7d2b99e8132cef7665"
  integrity sha512-8gag588hf/yEqs6OUVvBkrwGy6dfKCG4i8tDy7xeRTZQe128LtJU7rgYHlvfcKsZL7U3A1elvn394684NvD2gA==
  dependencies:
    "@aws-sdk/is-array-buffer" "3.13.1"
    "@aws-sdk/types" "3.15.0"
    "@aws-sdk/util-hex-encoding" "3.13.1"
    "@aws-sdk/util-uri-escape" "3.13.1"
    tslib "^2.0.0"

"@aws-sdk/smithy-client@3.15.0":
  version "3.15.0"
  resolved "https://registry.yarnpkg.com/@aws-sdk/smithy-client/-/smithy-client-3.15.0.tgz#6f181a02d3be712c7ef3d93fa4ef5f98dacbd07a"
  integrity sha512-i25agLm/8+pSSTVGFxSKiCNVN9EqT2UuwKtxHk2qOBQAVUhn7Rd6BLbmaGRM1yOvTIEAv4DW5hYJsxyLWg+3vw==
  dependencies:
    "@aws-sdk/middleware-stack" "3.15.0"
    "@aws-sdk/types" "3.15.0"
    tslib "^2.0.0"

"@aws-sdk/types@3.15.0", "@aws-sdk/types@^3.1.0":
  version "3.15.0"
  resolved "https://registry.yarnpkg.com/@aws-sdk/types/-/types-3.15.0.tgz#8d190159fdaa0ba591733dc6a2f2b2aac9782355"
  integrity sha512-hRfp40av3/dwxUH7KAgfLL3D02ohc7NYs/R0xFgYWEpAieB9/BHKuJPFGOSetqWw+Z6NOLiKKva8+/CcVOqzJQ==

"@aws-sdk/url-parser@3.15.0":
  version "3.15.0"
  resolved "https://registry.yarnpkg.com/@aws-sdk/url-parser/-/url-parser-3.15.0.tgz#05a138e278d80e55d1e2b94771a947c9c368e5ff"
  integrity sha512-kdS/1FKYbEjgEZw0JqtUtIxNx9btW8sbvXsiGaUmr/PW6UtOjB8Jp0ADcmkpRRGJaaDmxKJTyt7IKX4TIhTefQ==
  dependencies:
    "@aws-sdk/querystring-parser" "3.15.0"
    "@aws-sdk/types" "3.15.0"
    tslib "^2.0.0"

"@aws-sdk/util-arn-parser@3.13.1":
  version "3.13.1"
  resolved "https://registry.yarnpkg.com/@aws-sdk/util-arn-parser/-/util-arn-parser-3.13.1.tgz#e9917a35b1b6c5ad0be8340d163c69b1c3fcc524"
  integrity sha512-/Y0BEnh1WiVyZQaDMWfqQaRPzEEMrvs0/UTTyknj43dhXoiNDXVyrFUtLw71Oi77WBxk7p/Wbg0m7TVJt3yceQ==
  dependencies:
    tslib "^2.0.0"

"@aws-sdk/util-base64-browser@3.13.1":
  version "3.13.1"
  resolved "https://registry.yarnpkg.com/@aws-sdk/util-base64-browser/-/util-base64-browser-3.13.1.tgz#6244d329ed9c560e1f4a161f698367cc3e863919"
  integrity sha512-bev/PmmRLxTzGkmx88KFhJEL78koIvhYdKFmWtmSJz+trQEk37u6aulWQZF6dpiMGCKYcBfI5h3LsxE75pObTQ==
  dependencies:
    tslib "^2.0.0"

"@aws-sdk/util-base64-node@3.13.1":
  version "3.13.1"
  resolved "https://registry.yarnpkg.com/@aws-sdk/util-base64-node/-/util-base64-node-3.13.1.tgz#0fdcea2ac7913a69448ed87d227a1107db9e3c8f"
  integrity sha512-z3bh+Luue39gIFOm56FSXOEZJq23J/IUM0Gj28dkdC0hpqdohP2NfcGUBhBlK8CFKBLB5GM1vVKo99T1/OQ/5g==
  dependencies:
    "@aws-sdk/util-buffer-from" "3.13.1"
    tslib "^2.0.0"

"@aws-sdk/util-body-length-browser@3.13.1":
  version "3.13.1"
  resolved "https://registry.yarnpkg.com/@aws-sdk/util-body-length-browser/-/util-body-length-browser-3.13.1.tgz#7063c658b1875a208d8c9f39bdd1c7409efce10e"
  integrity sha512-qqbBRP1YCuCJ8jCQpP4kbSPrdwJxniccmzsyjkKmaOQoOil69FFNhdwzjrMFhahnsLYD9JUdEsJmHegPbIbUtA==
  dependencies:
    tslib "^2.0.0"

"@aws-sdk/util-body-length-node@3.13.1":
  version "3.13.1"
  resolved "https://registry.yarnpkg.com/@aws-sdk/util-body-length-node/-/util-body-length-node-3.13.1.tgz#4722fad01f4feb6a3ab47344c2482446d7aa2d01"
  integrity sha512-btSynL8nZmzXPImm/oAaE9aBl1feAZsGv1jR+7+CSM2P5emTEBF4/EuYX34KZTzW7BjSzeDeRK0SHK0IWAB4bw==
  dependencies:
    tslib "^2.0.0"

"@aws-sdk/util-buffer-from@3.13.1":
  version "3.13.1"
  resolved "https://registry.yarnpkg.com/@aws-sdk/util-buffer-from/-/util-buffer-from-3.13.1.tgz#fc1fc6d46edff7ea0f370c8389313b58ef8923b7"
  integrity sha512-D/LT7a9wwB5Zo4CPWJwP/qdUhs8MYSs+tvyyF2Ox9v8AaUV+w8ukJY9/1/i1cS5bGH7aAjueTiAFSMt8ejVNCg==
  dependencies:
    "@aws-sdk/is-array-buffer" "3.13.1"
    tslib "^2.0.0"

"@aws-sdk/util-create-request@3.15.0":
  version "3.15.0"
  resolved "https://registry.yarnpkg.com/@aws-sdk/util-create-request/-/util-create-request-3.15.0.tgz#563e735d78a180411a31a58b56aaed88402d53b4"
  integrity sha512-3PiWYo2eLc6ocryKEjkp/44T+dk7SUbb/nOkCtQfhd2hCn2Foe45DMeXn9yX6rlBJFyGNUtgNnpLjE6YKbTyMw==
  dependencies:
    "@aws-sdk/middleware-stack" "3.15.0"
    "@aws-sdk/smithy-client" "3.15.0"
    "@aws-sdk/types" "3.15.0"
    tslib "^2.0.0"

"@aws-sdk/util-format-url@3.15.0":
  version "3.15.0"
  resolved "https://registry.yarnpkg.com/@aws-sdk/util-format-url/-/util-format-url-3.15.0.tgz#0e0c346c381517ec6220269e836b50180c73f8ee"
  integrity sha512-wN1SboeCkpinuTShYu1a8doxgkLtcYQXH+ASZwcg68v3yqajOp6KtT9syhdBvurintLu6cWgoSz5EuL9z8Qivw==
  dependencies:
    "@aws-sdk/querystring-builder" "3.15.0"
    "@aws-sdk/types" "3.15.0"
    tslib "^2.0.0"

"@aws-sdk/util-hex-encoding@3.13.1":
  version "3.13.1"
  resolved "https://registry.yarnpkg.com/@aws-sdk/util-hex-encoding/-/util-hex-encoding-3.13.1.tgz#2406c832b1aae60c8abd1dafcae442e6085aebca"
  integrity sha512-NGIqG+L5B6xENgv25BH77F9EeTkN+3tO8sFBeTMjoS7rD3uVP1uLp/RHQENjn/EG/KtgjcNyglngDuS0ZKFOOQ==
  dependencies:
    tslib "^2.0.0"

"@aws-sdk/util-locate-window@^3.0.0":
  version "3.13.1"
  resolved "https://registry.yarnpkg.com/@aws-sdk/util-locate-window/-/util-locate-window-3.13.1.tgz#45c6df057be89c3f42ffd2e43c87a7837a3fa1ac"
  integrity sha512-u1neaf5yO5FdnYF+UHsyDpHzHgMfX87nVDMyOyVvViIIhwDb2+bzzhUbex1rPtTEUfZUtgABV03UZrifGrB15g==
  dependencies:
    tslib "^2.0.0"

"@aws-sdk/util-uri-escape@3.13.1":
  version "3.13.1"
  resolved "https://registry.yarnpkg.com/@aws-sdk/util-uri-escape/-/util-uri-escape-3.13.1.tgz#5585a53fdc245b717beb7d785f39660eee219e77"
  integrity sha512-zejPAiPoS5Zja9nelZUJMdIwiXHKmubgumIV4USB+kgSR4f8BlSj/amM0NdGgZMjyVtuIvdiVHZssM/yK8G1Jg==
  dependencies:
    tslib "^2.0.0"

"@aws-sdk/util-user-agent-browser@3.15.0":
  version "3.15.0"
  resolved "https://registry.yarnpkg.com/@aws-sdk/util-user-agent-browser/-/util-user-agent-browser-3.15.0.tgz#7e949960d44ade9bce0dac3c319a266d8dd6fb78"
  integrity sha512-mPalPRVAux4vXSCnACvVRSL7C2DfhAB732w7rHLdwPfzVTzdHve/nWqDBp5SG16+Tumy4Q40vxXcLlL4UHv0JQ==
  dependencies:
    "@aws-sdk/types" "3.15.0"
    bowser "^2.11.0"
    tslib "^2.0.0"

"@aws-sdk/util-user-agent-node@3.15.0":
  version "3.15.0"
  resolved "https://registry.yarnpkg.com/@aws-sdk/util-user-agent-node/-/util-user-agent-node-3.15.0.tgz#68b2038444784366c43d732dd055b1e173f8ab3f"
  integrity sha512-KiNUPjSuTkWqBemWwYa6wl/HXJV1KZuiE50Qx99oXrmCvS3zKagR2d7AfdMm7dKbcYYyF3G/fw6qIWpB2k/h1w==
  dependencies:
    "@aws-sdk/node-config-provider" "3.15.0"
    "@aws-sdk/types" "3.15.0"
    tslib "^2.0.0"

"@aws-sdk/util-utf8-browser@3.13.1", "@aws-sdk/util-utf8-browser@^3.0.0":
  version "3.13.1"
  resolved "https://registry.yarnpkg.com/@aws-sdk/util-utf8-browser/-/util-utf8-browser-3.13.1.tgz#eae1f3d8063566d813c0df4adf5f487bd128b56f"
  integrity sha512-+1FmtFOvDOYfoJnC6DEgjpcPKUERZA8VZ7JenY6SsEqVneWzHf4YVE2+KZM0DT9leLzgZBW/DKJWjeKxykaBEg==
  dependencies:
    tslib "^2.0.0"

"@aws-sdk/util-utf8-node@3.13.1":
  version "3.13.1"
  resolved "https://registry.yarnpkg.com/@aws-sdk/util-utf8-node/-/util-utf8-node-3.13.1.tgz#72c454d5dd57f9a404ad1cdc317940840de0fb46"
  integrity sha512-2SVqcqQQah7cYny6mUmx9UlVIYiaCULnWqOvPkpAKLS3uDFhhFrjvdrQkJXjajR4r7xb73cGn+f2iRXrEqmopw==
  dependencies:
    "@aws-sdk/util-buffer-from" "3.13.1"
    tslib "^2.0.0"

"@aws-sdk/util-waiter@3.15.0":
  version "3.15.0"
  resolved "https://registry.yarnpkg.com/@aws-sdk/util-waiter/-/util-waiter-3.15.0.tgz#e26a1f8a7a98931a3e54b1518acf29e05b89cee1"
  integrity sha512-7v5CqnHIeJ01KNW4P9rlgRu6+f5aFyZr3D+Alh1lBo4vRRuWn63OhZffS/xBY3nPyMZsGynQwofKVqqJfiqVgg==
  dependencies:
    "@aws-sdk/abort-controller" "3.15.0"
    "@aws-sdk/types" "3.15.0"
    tslib "^2.0.0"

"@aws-sdk/xml-builder@3.14.0":
  version "3.14.0"
  resolved "https://registry.yarnpkg.com/@aws-sdk/xml-builder/-/xml-builder-3.14.0.tgz#3f7040da919d596b3a456830229146e330c5ed70"
  integrity sha512-TGyodkTPezFTR7vfHiPsynavfeDwbXNTK4r3OYeAt0+tdm3RM6PoUqpkMYLyQgyA+G48uyMunACi/O12H3cwKQ==
  dependencies:
    tslib "^2.0.0"

bowser@^2.11.0:
  version "2.11.0"
  resolved "https://registry.yarnpkg.com/bowser/-/bowser-2.11.0.tgz#5ca3c35757a7aa5771500c70a73a9f91ef420a8f"
  integrity sha512-AlcaJBi/pqqJBIQ8U9Mcpc9i8Aqxn88Skv5d+xBX006BY5u8N3mGLHa5Lgppa7L/HfwgwLgZ6NYs+Ag6uUmJRA==

colorette@^1.2.2:
  version "1.2.2"
  resolved "https://registry.yarnpkg.com/colorette/-/colorette-1.2.2.tgz#cbcc79d5e99caea2dbf10eb3a26fd8b3e6acfa94"
  integrity sha512-MKGMzyfeuutC/ZJ1cba9NqcNpfeqMUcYmyF1ZFY6/Cn7CNSAKx6a+s48sqLqyAiZuaP2TcqMhoo+dlwFnVxT9w==

entities@2.2.0:
  version "2.2.0"
  resolved "https://registry.yarnpkg.com/entities/-/entities-2.2.0.tgz#098dc90ebb83d8dffa089d55256b351d34c4da55"
  integrity sha512-p92if5Nz619I0w+akJrLZH0MX0Pb5DX39XOwQTtXSdQQOaYH03S1uIQp4mhOZtAXrxq4ViO67YTiLBo2638o9A==

esbuild@^0.12.5:
  version "0.12.5"
  resolved "https://registry.yarnpkg.com/esbuild/-/esbuild-0.12.5.tgz#36076a6bc1966ba2741981d30512e95e8aaff495"
  integrity sha512-vcuP53pA5XiwUU4FnlXM+2PnVjTfHGthM7uP1gtp+9yfheGvFFbq/KyuESThmtoHPUrfZH5JpxGVJIFDVD1Egw==

fast-xml-parser@3.19.0:
  version "3.19.0"
  resolved "https://registry.yarnpkg.com/fast-xml-parser/-/fast-xml-parser-3.19.0.tgz#cb637ec3f3999f51406dd8ff0e6fc4d83e520d01"
  integrity sha512-4pXwmBplsCPv8FOY1WRakF970TjNGnGnfbOnLqjlYvMiF1SR3yOHyxMR/YCXpPTOspNF5gwudqktIP4VsWkvBg==

fsevents@~2.3.1:
  version "2.3.2"
  resolved "https://registry.yarnpkg.com/fsevents/-/fsevents-2.3.2.tgz#8a526f78b8fdf4623b709e0b975c52c24c02fd1a"
  integrity sha512-xiqMQR4xAeHTuB9uWm+fFRcIOgKBMiOBP+eXiyT7jsgVCq1bkVygt00oASowB7EdtpOHaaPgKt812P9ab+DDKA==

function-bind@^1.1.1:
  version "1.1.1"
  resolved "https://registry.yarnpkg.com/function-bind/-/function-bind-1.1.1.tgz#a56899d3ea3c9bab874bb9773b7c5ede92f4895d"
  integrity sha512-yIovAzMX49sF8Yl58fSCWJ5svSLuaibPxXQJFLmBObTuCr0Mf1KiPopGM9NiFjiYBCbfaa2Fh6breQ6ANVTI0A==

has@^1.0.3:
  version "1.0.3"
  resolved "https://registry.yarnpkg.com/has/-/has-1.0.3.tgz#722d7cbfc1f6aa8241f16dd814e011e1f41e8796"
  integrity sha512-f2dvO0VU6Oej7RkWJGrehjbzMAjFp5/VKPp5tTpWIV4JHHZK1/BxbFRtf/siA2SWTe09caDmVtYYzWEIbBS4zw==
  dependencies:
    function-bind "^1.1.1"

is-core-module@^2.2.0:
  version "2.4.0"
  resolved "https://registry.yarnpkg.com/is-core-module/-/is-core-module-2.4.0.tgz#8e9fc8e15027b011418026e98f0e6f4d86305cc1"
  integrity sha512-6A2fkfq1rfeQZjxrZJGerpLCTHRNEBiSgnu0+obeJpEPZRUooHgsizvzv0ZjJwOz3iWIHdJtVWJ/tmPr3D21/A==
  dependencies:
    has "^1.0.3"

nanoid@^3.1.23:
  version "3.1.23"
  resolved "https://registry.yarnpkg.com/nanoid/-/nanoid-3.1.23.tgz#f744086ce7c2bc47ee0a8472574d5c78e4183a81"
  integrity sha512-FiB0kzdP0FFVGDKlRLEQ1BgDzU87dy5NnzjeW9YZNt+/c3+q82EQDUwniSAUxp/F0gFNI1ZhKU1FqYsMuqZVnw==

path-parse@^1.0.6:
  version "1.0.7"
  resolved "https://registry.yarnpkg.com/path-parse/-/path-parse-1.0.7.tgz#fbc114b60ca42b30d9daf5858e4bd68bbedb6735"
  integrity sha512-LDJzPVEEEPR+y48z93A0Ed0yXb8pAByGWo/k5YYdYgpY2/2EsOsksJrq7lOHxryrVOn1ejG6oAp8ahvOIQD8sw==

postcss@^8.2.10:
  version "8.3.0"
  resolved "https://registry.yarnpkg.com/postcss/-/postcss-8.3.0.tgz#b1a713f6172ca427e3f05ef1303de8b65683325f"
  integrity sha512-+ogXpdAjWGa+fdYY5BQ96V/6tAo+TdSSIMP5huJBIygdWwKtVoB5JWZ7yUd4xZ8r+8Kvvx4nyg/PQ071H4UtcQ==
  dependencies:
    colorette "^1.2.2"
    nanoid "^3.1.23"
    source-map-js "^0.6.2"

resolve@^1.19.0:
  version "1.20.0"
  resolved "https://registry.yarnpkg.com/resolve/-/resolve-1.20.0.tgz#629a013fb3f70755d6f0b7935cc1c2c5378b1975"
  integrity sha512-wENBPt4ySzg4ybFQW2TT1zMQucPK95HSh/nq2CFTZVOGut2+pQvSsgtda4d26YrYcr067wjbmzOG8byDPBX63A==
  dependencies:
    is-core-module "^2.2.0"
    path-parse "^1.0.6"

rollup@^2.38.5:
  version "2.50.5"
  resolved "https://registry.yarnpkg.com/rollup/-/rollup-2.50.5.tgz#bbee9d6411af3f5fa5c6e7e2c69f7a65b753e568"
  integrity sha512-Ztz4NurU2LbS3Jn5rlhnYv35z6pkjBUmYKr94fOBIKINKRO6kug9NTFHArT7jqwMP2kqEZ39jJuEtkk91NBltQ==
  optionalDependencies:
    fsevents "~2.3.1"

source-map-js@^0.6.2:
  version "0.6.2"
  resolved "https://registry.yarnpkg.com/source-map-js/-/source-map-js-0.6.2.tgz#0bb5de631b41cfbda6cfba8bd05a80efdfd2385e"
  integrity sha512-/3GptzWzu0+0MBQFrDKzw/DvvMTUORvgY6k6jd/VS6iCR4RDTKWH6v6WPwQoUO8667uQEf9Oe38DxAYWY5F/Ug==

tslib@^1.11.1:
  version "1.14.1"
  resolved "https://registry.yarnpkg.com/tslib/-/tslib-1.14.1.tgz#cf2d38bdc34a134bcaf1091c41f6619e2f672d00"
  integrity sha512-Xni35NKzjgMrwevysHTCArtLDpPvye8zV/0E4EyYn43P7/7qvQwPh9BGkHewbMulVntbigmcT7rdX3BNo9wRJg==

tslib@^2.0.0:
  version "2.2.0"
  resolved "https://registry.yarnpkg.com/tslib/-/tslib-2.2.0.tgz#fb2c475977e35e241311ede2693cee1ec6698f5c"
  integrity sha512-gS9GVHRU+RGn5KQM2rllAlR3dU6m7AcpJKdtH8gFvQiC4Otgk98XnmMU+nZenHt/+VhnBPWwgrJsyrdcw6i23w==

uuid@^8.3.2:
  version "8.3.2"
  resolved "https://registry.yarnpkg.com/uuid/-/uuid-8.3.2.tgz#80d5b5ced271bb9af6c445f21a1a04c606cefbe2"
  integrity sha512-+NYs2QeMWy+GWFOEm9xnn6HCDp0l7QBD7ml8zLUmJ+93Q5NF0NocErnwkTkXVFNiX3/fpC6afS8Dhb/gz7R7eg==

vite@^2.3.5:
  version "2.3.6"
  resolved "https://registry.yarnpkg.com/vite/-/vite-2.3.6.tgz#1f7cfde88a51a802d69000c7bac85d481c2e871c"
  integrity sha512-fsEpNKDHgh3Sn66JH06ZnUBnIgUVUtw6ucDhlOj1CEqxIkymU25yv1/kWDPlIjyYHnalr0cN6V+zzUJ+fmWHYw==
  dependencies:
    esbuild "^0.12.5"
    postcss "^8.2.10"
    resolve "^1.19.0"
    rollup "^2.38.5"
  optionalDependencies:
    fsevents "~2.3.1"
